// !$*UTF8*$!
{
	archiveVersion = 1;
	classes = {
	};
	objectVersion = 50;
	objects = {

/* Begin PBXBuildFile section */
		18D39DB825A00EA9009E0D38 /* SwiftUIGridsSearchApp.swift in Sources */ = {isa = PBXBuildFile; fileRef = 18D39DB725A00EA9009E0D38 /* SwiftUIGridsSearchApp.swift */; };
		18D39DBA25A00EA9009E0D38 /* ContentView.swift in Sources */ = {isa = PBXBuildFile; fileRef = 18D39DB925A00EA9009E0D38 /* ContentView.swift */; };
		18D39DBC25A00EAC009E0D38 /* Assets.xcassets in Resources */ = {isa = PBXBuildFile; fileRef = 18D39DBB25A00EAC009E0D38 /* Assets.xcassets */; };
		18D39DBF25A00EAC009E0D38 /* Preview Assets.xcassets in Resources */ = {isa = PBXBuildFile; fileRef = 18D39DBE25A00EAC009E0D38 /* Preview Assets.xcassets */; };
		18D39DCA25A00EAD009E0D38 /* SwiftUIGridsSearchTests.swift in Sources */ = {isa = PBXBuildFile; fileRef = 18D39DC925A00EAD009E0D38 /* SwiftUIGridsSearchTests.swift */; };
		18D39DD525A00EAD009E0D38 /* SwiftUIGridsSearchUITests.swift in Sources */ = {isa = PBXBuildFile; fileRef = 18D39DD425A00EAD009E0D38 /* SwiftUIGridsSearchUITests.swift */; };
/* End PBXBuildFile section */

/* Begin PBXContainerItemProxy section */
		18D39DC625A00EAD009E0D38 /* PBXContainerItemProxy */ = {
			isa = PBXContainerItemProxy;
			containerPortal = 18D39DAC25A00EA9009E0D38 /* Project object */;
			proxyType = 1;
			remoteGlobalIDString = 18D39DB325A00EA9009E0D38;
			remoteInfo = SwiftUIGridsSearch;
		};
		18D39DD125A00EAD009E0D38 /* PBXContainerItemProxy */ = {
			isa = PBXContainerItemProxy;
			containerPortal = 18D39DAC25A00EA9009E0D38 /* Project object */;
			proxyType = 1;
			remoteGlobalIDString = 18D39DB325A00EA9009E0D38;
			remoteInfo = SwiftUIGridsSearch;
		};
/* End PBXContainerItemProxy section */

/* Begin PBXFileReference section */
		18D39DB425A00EA9009E0D38 /* SwiftUIGridsSearch.app */ = {isa = PBXFileReference; explicitFileType = wrapper.application; includeInIndex = 0; path = SwiftUIGridsSearch.app; sourceTree = BUILT_PRODUCTS_DIR; };
		18D39DB725A00EA9009E0D38 /* SwiftUIGridsSearchApp.swift */ = {isa = PBXFileReference; lastKnownFileType = sourcecode.swift; path = SwiftUIGridsSearchApp.swift; sourceTree = "<group>"; };
		18D39DB925A00EA9009E0D38 /* ContentView.swift */ = {isa = PBXFileReference; lastKnownFileType = sourcecode.swift; path = ContentView.swift; sourceTree = "<group>"; };
		18D39DBB25A00EAC009E0D38 /* Assets.xcassets */ = {isa = PBXFileReference; lastKnownFileType = folder.assetcatalog; path = Assets.xcassets; sourceTree = "<group>"; };
		18D39DBE25A00EAC009E0D38 /* Preview Assets.xcassets */ = {isa = PBXFileReference; lastKnownFileType = folder.assetcatalog; path = "Preview Assets.xcassets"; sourceTree = "<group>"; };
		18D39DC025A00EAC009E0D38 /* Info.plist */ = {isa = PBXFileReference; lastKnownFileType = text.plist.xml; path = Info.plist; sourceTree = "<group>"; };
		18D39DC525A00EAD009E0D38 /* SwiftUIGridsSearchTests.xctest */ = {isa = PBXFileReference; explicitFileType = wrapper.cfbundle; includeInIndex = 0; path = SwiftUIGridsSearchTests.xctest; sourceTree = BUILT_PRODUCTS_DIR; };
		18D39DC925A00EAD009E0D38 /* SwiftUIGridsSearchTests.swift */ = {isa = PBXFileReference; lastKnownFileType = sourcecode.swift; path = SwiftUIGridsSearchTests.swift; sourceTree = "<group>"; };
		18D39DCB25A00EAD009E0D38 /* Info.plist */ = {isa = PBXFileReference; lastKnownFileType = text.plist.xml; path = Info.plist; sourceTree = "<group>"; };
		18D39DD025A00EAD009E0D38 /* SwiftUIGridsSearchUITests.xctest */ = {isa = PBXFileReference; explicitFileType = wrapper.cfbundle; includeInIndex = 0; path = SwiftUIGridsSearchUITests.xctest; sourceTree = BUILT_PRODUCTS_DIR; };
		18D39DD425A00EAD009E0D38 /* SwiftUIGridsSearchUITests.swift */ = {isa = PBXFileReference; lastKnownFileType = sourcecode.swift; path = SwiftUIGridsSearchUITests.swift; sourceTree = "<group>"; };
		18D39DD625A00EAD009E0D38 /* Info.plist */ = {isa = PBXFileReference; lastKnownFileType = text.plist.xml; path = Info.plist; sourceTree = "<group>"; };
/* End PBXFileReference section */

/* Begin PBXFrameworksBuildPhase section */
		18D39DB125A00EA9009E0D38 /* Frameworks */ = {
			isa = PBXFrameworksBuildPhase;
			buildActionMask = 2147483647;
			files = (
			);
			runOnlyForDeploymentPostprocessing = 0;
		};
		18D39DC225A00EAD009E0D38 /* Frameworks */ = {
			isa = PBXFrameworksBuildPhase;
			buildActionMask = 2147483647;
			files = (
			);
			runOnlyForDeploymentPostprocessing = 0;
		};
		18D39DCD25A00EAD009E0D38 /* Frameworks */ = {
			isa = PBXFrameworksBuildPhase;
			buildActionMask = 2147483647;
			files = (
			);
			runOnlyForDeploymentPostprocessing = 0;
		};
/* End PBXFrameworksBuildPhase section */

/* Begin PBXGroup section */
		18D39DAB25A00EA9009E0D38 = {
			isa = PBXGroup;
			children = (
				18D39DB625A00EA9009E0D38 /* SwiftUIGridsSearch */,
				18D39DC825A00EAD009E0D38 /* SwiftUIGridsSearchTests */,
				18D39DD325A00EAD009E0D38 /* SwiftUIGridsSearchUITests */,
				18D39DB525A00EA9009E0D38 /* Products */,
			);
			sourceTree = "<group>";
		};
		18D39DB525A00EA9009E0D38 /* Products */ = {
			isa = PBXGroup;
			children = (
				18D39DB425A00EA9009E0D38 /* SwiftUIGridsSearch.app */,
				18D39DC525A00EAD009E0D38 /* SwiftUIGridsSearchTests.xctest */,
				18D39DD025A00EAD009E0D38 /* SwiftUIGridsSearchUITests.xctest */,
			);
			name = Products;
			sourceTree = "<group>";
		};
		18D39DB625A00EA9009E0D38 /* SwiftUIGridsSearch */ = {
			isa = PBXGroup;
			children = (
				18D39DB725A00EA9009E0D38 /* SwiftUIGridsSearchApp.swift */,
				18D39DB925A00EA9009E0D38 /* ContentView.swift */,
				18D39DBB25A00EAC009E0D38 /* Assets.xcassets */,
				18D39DC025A00EAC009E0D38 /* Info.plist */,
				18D39DBD25A00EAC009E0D38 /* Preview Content */,
			);
			path = SwiftUIGridsSearch;
			sourceTree = "<group>";
		};
		18D39DBD25A00EAC009E0D38 /* Preview Content */ = {
			isa = PBXGroup;
			children = (
				18D39DBE25A00EAC009E0D38 /* Preview Assets.xcassets */,
			);
			path = "Preview Content";
			sourceTree = "<group>";
		};
		18D39DC825A00EAD009E0D38 /* SwiftUIGridsSearchTests */ = {
			isa = PBXGroup;
			children = (
				18D39DC925A00EAD009E0D38 /* SwiftUIGridsSearchTests.swift */,
				18D39DCB25A00EAD009E0D38 /* Info.plist */,
			);
			path = SwiftUIGridsSearchTests;
			sourceTree = "<group>";
		};
		18D39DD325A00EAD009E0D38 /* SwiftUIGridsSearchUITests */ = {
			isa = PBXGroup;
			children = (
				18D39DD425A00EAD009E0D38 /* SwiftUIGridsSearchUITests.swift */,
				18D39DD625A00EAD009E0D38 /* Info.plist */,
			);
			path = SwiftUIGridsSearchUITests;
			sourceTree = "<group>";
		};
/* End PBXGroup section */

/* Begin PBXNativeTarget section */
		18D39DB325A00EA9009E0D38 /* SwiftUIGridsSearch */ = {
			isa = PBXNativeTarget;
			buildConfigurationList = 18D39DD925A00EAD009E0D38 /* Build configuration list for PBXNativeTarget "SwiftUIGridsSearch" */;
			buildPhases = (
				18D39DB025A00EA9009E0D38 /* Sources */,
				18D39DB125A00EA9009E0D38 /* Frameworks */,
				18D39DB225A00EA9009E0D38 /* Resources */,
			);
			buildRules = (
			);
			dependencies = (
			);
			name = SwiftUIGridsSearch;
			productName = SwiftUIGridsSearch;
			productReference = 18D39DB425A00EA9009E0D38 /* SwiftUIGridsSearch.app */;
			productType = "com.apple.product-type.application";
		};
		18D39DC425A00EAD009E0D38 /* SwiftUIGridsSearchTests */ = {
			isa = PBXNativeTarget;
			buildConfigurationList = 18D39DDC25A00EAD009E0D38 /* Build configuration list for PBXNativeTarget "SwiftUIGridsSearchTests" */;
			buildPhases = (
				18D39DC125A00EAD009E0D38 /* Sources */,
				18D39DC225A00EAD009E0D38 /* Frameworks */,
				18D39DC325A00EAD009E0D38 /* Resources */,
			);
			buildRules = (
			);
			dependencies = (
				18D39DC725A00EAD009E0D38 /* PBXTargetDependency */,
			);
			name = SwiftUIGridsSearchTests;
			productName = SwiftUIGridsSearchTests;
			productReference = 18D39DC525A00EAD009E0D38 /* SwiftUIGridsSearchTests.xctest */;
			productType = "com.apple.product-type.bundle.unit-test";
		};
		18D39DCF25A00EAD009E0D38 /* SwiftUIGridsSearchUITests */ = {
			isa = PBXNativeTarget;
			buildConfigurationList = 18D39DDF25A00EAD009E0D38 /* Build configuration list for PBXNativeTarget "SwiftUIGridsSearchUITests" */;
			buildPhases = (
				18D39DCC25A00EAD009E0D38 /* Sources */,
				18D39DCD25A00EAD009E0D38 /* Frameworks */,
				18D39DCE25A00EAD009E0D38 /* Resources */,
			);
			buildRules = (
			);
			dependencies = (
				18D39DD225A00EAD009E0D38 /* PBXTargetDependency */,
			);
			name = SwiftUIGridsSearchUITests;
			productName = SwiftUIGridsSearchUITests;
			productReference = 18D39DD025A00EAD009E0D38 /* SwiftUIGridsSearchUITests.xctest */;
			productType = "com.apple.product-type.bundle.ui-testing";
		};
/* End PBXNativeTarget section */

/* Begin PBXProject section */
		18D39DAC25A00EA9009E0D38 /* Project object */ = {
			isa = PBXProject;
			attributes = {
				LastSwiftUpdateCheck = 1230;
				LastUpgradeCheck = 1230;
				TargetAttributes = {
					18D39DB325A00EA9009E0D38 = {
						CreatedOnToolsVersion = 12.3;
					};
					18D39DC425A00EAD009E0D38 = {
						CreatedOnToolsVersion = 12.3;
						TestTargetID = 18D39DB325A00EA9009E0D38;
					};
					18D39DCF25A00EAD009E0D38 = {
						CreatedOnToolsVersion = 12.3;
						TestTargetID = 18D39DB325A00EA9009E0D38;
					};
				};
			};
			buildConfigurationList = 18D39DAF25A00EA9009E0D38 /* Build configuration list for PBXProject "SwiftUIGridsSearch" */;
			compatibilityVersion = "Xcode 9.3";
			developmentRegion = en;
			hasScannedForEncodings = 0;
			knownRegions = (
				en,
				Base,
			);
			mainGroup = 18D39DAB25A00EA9009E0D38;
			productRefGroup = 18D39DB525A00EA9009E0D38 /* Products */;
			projectDirPath = "";
			projectRoot = "";
			targets = (
				18D39DB325A00EA9009E0D38 /* SwiftUIGridsSearch */,
				18D39DC425A00EAD009E0D38 /* SwiftUIGridsSearchTests */,
				18D39DCF25A00EAD009E0D38 /* SwiftUIGridsSearchUITests */,
			);
		};
/* End PBXProject section */

/* Begin PBXResourcesBuildPhase section */
		18D39DB225A00EA9009E0D38 /* Resources */ = {
			isa = PBXResourcesBuildPhase;
			buildActionMask = 2147483647;
			files = (
				18D39DBF25A00EAC009E0D38 /* Preview Assets.xcassets in Resources */,
				18D39DBC25A00EAC009E0D38 /* Assets.xcassets in Resources */,
			);
			runOnlyForDeploymentPostprocessing = 0;
		};
		18D39DC325A00EAD009E0D38 /* Resources */ = {
			isa = PBXResourcesBuildPhase;
			buildActionMask = 2147483647;
			files = (
			);
			runOnlyForDeploymentPostprocessing = 0;
		};
		18D39DCE25A00EAD009E0D38 /* Resources */ = {
			isa = PBXResourcesBuildPhase;
			buildActionMask = 2147483647;
			files = (
			);
			runOnlyForDeploymentPostprocessing = 0;
		};
/* End PBXResourcesBuildPhase section */

/* Begin PBXSourcesBuildPhase section */
		18D39DB025A00EA9009E0D38 /* Sources */ = {
			isa = PBXSourcesBuildPhase;
			buildActionMask = 2147483647;
			files = (
				18D39DBA25A00EA9009E0D38 /* ContentView.swift in Sources */,
				18D39DB825A00EA9009E0D38 /* SwiftUIGridsSearchApp.swift in Sources */,
			);
			runOnlyForDeploymentPostprocessing = 0;
		};
		18D39DC125A00EAD009E0D38 /* Sources */ = {
			isa = PBXSourcesBuildPhase;
			buildActionMask = 2147483647;
			files = (
				18D39DCA25A00EAD009E0D38 /* SwiftUIGridsSearchTests.swift in Sources */,
			);
			runOnlyForDeploymentPostprocessing = 0;
		};
		18D39DCC25A00EAD009E0D38 /* Sources */ = {
			isa = PBXSourcesBuildPhase;
			buildActionMask = 2147483647;
			files = (
				18D39DD525A00EAD009E0D38 /* SwiftUIGridsSearchUITests.swift in Sources */,
			);
			runOnlyForDeploymentPostprocessing = 0;
		};
/* End PBXSourcesBuildPhase section */

/* Begin PBXTargetDependency section */
		18D39DC725A00EAD009E0D38 /* PBXTargetDependency */ = {
			isa = PBXTargetDependency;
			target = 18D39DB325A00EA9009E0D38 /* SwiftUIGridsSearch */;
			targetProxy = 18D39DC625A00EAD009E0D38 /* PBXContainerItemProxy */;
		};
		18D39DD225A00EAD009E0D38 /* PBXTargetDependency */ = {
			isa = PBXTargetDependency;
			target = 18D39DB325A00EA9009E0D38 /* SwiftUIGridsSearch */;
			targetProxy = 18D39DD125A00EAD009E0D38 /* PBXContainerItemProxy */;
		};
/* End PBXTargetDependency section */

/* Begin XCBuildConfiguration section */
		18D39DD725A00EAD009E0D38 /* Debug */ = {
			isa = XCBuildConfiguration;
			buildSettings = {
				ALWAYS_SEARCH_USER_PATHS = NO;
				CLANG_ANALYZER_NONNULL = YES;
				CLANG_ANALYZER_NUMBER_OBJECT_CONVERSION = YES_AGGRESSIVE;
				CLANG_CXX_LANGUAGE_STANDARD = "gnu++14";
				CLANG_CXX_LIBRARY = "libc++";
				CLANG_ENABLE_MODULES = YES;
				CLANG_ENABLE_OBJC_ARC = YES;
				CLANG_ENABLE_OBJC_WEAK = YES;
				CLANG_WARN_BLOCK_CAPTURE_AUTORELEASING = YES;
				CLANG_WARN_BOOL_CONVERSION = YES;
				CLANG_WARN_COMMA = YES;
				CLANG_WARN_CONSTANT_CONVERSION = YES;
				CLANG_WARN_DEPRECATED_OBJC_IMPLEMENTATIONS = YES;
				CLANG_WARN_DIRECT_OBJC_ISA_USAGE = YES_ERROR;
				CLANG_WARN_DOCUMENTATION_COMMENTS = YES;
				CLANG_WARN_EMPTY_BODY = YES;
				CLANG_WARN_ENUM_CONVERSION = YES;
				CLANG_WARN_INFINITE_RECURSION = YES;
				CLANG_WARN_INT_CONVERSION = YES;
				CLANG_WARN_NON_LITERAL_NULL_CONVERSION = YES;
				CLANG_WARN_OBJC_IMPLICIT_RETAIN_SELF = YES;
				CLANG_WARN_OBJC_LITERAL_CONVERSION = YES;
				CLANG_WARN_OBJC_ROOT_CLASS = YES_ERROR;
				CLANG_WARN_QUOTED_INCLUDE_IN_FRAMEWORK_HEADER = YES;
				CLANG_WARN_RANGE_LOOP_ANALYSIS = YES;
				CLANG_WARN_STRICT_PROTOTYPES = YES;
				CLANG_WARN_SUSPICIOUS_MOVE = YES;
				CLANG_WARN_UNGUARDED_AVAILABILITY = YES_AGGRESSIVE;
				CLANG_WARN_UNREACHABLE_CODE = YES;
				CLANG_WARN__DUPLICATE_METHOD_MATCH = YES;
				COPY_PHASE_STRIP = NO;
				DEBUG_INFORMATION_FORMAT = dwarf;
				ENABLE_STRICT_OBJC_MSGSEND = YES;
				ENABLE_TESTABILITY = YES;
				GCC_C_LANGUAGE_STANDARD = gnu11;
				GCC_DYNAMIC_NO_PIC = NO;
				GCC_NO_COMMON_BLOCKS = YES;
				GCC_OPTIMIZATION_LEVEL = 0;
				GCC_PREPROCESSOR_DEFINITIONS = (
					"DEBUG=1",
					"$(inherited)",
				);
				GCC_WARN_64_TO_32_BIT_CONVERSION = YES;
				GCC_WARN_ABOUT_RETURN_TYPE = YES_ERROR;
				GCC_WARN_UNDECLARED_SELECTOR = YES;
				GCC_WARN_UNINITIALIZED_AUTOS = YES_AGGRESSIVE;
				GCC_WARN_UNUSED_FUNCTION = YES;
				GCC_WARN_UNUSED_VARIABLE = YES;
				IPHONEOS_DEPLOYMENT_TARGET = 14.3;
				MTL_ENABLE_DEBUG_INFO = INCLUDE_SOURCE;
				MTL_FAST_MATH = YES;
				ONLY_ACTIVE_ARCH = YES;
				SDKROOT = iphoneos;
				SWIFT_ACTIVE_COMPILATION_CONDITIONS = DEBUG;
				SWIFT_OPTIMIZATION_LEVEL = "-Onone";
			};
			name = Debug;
		};
		18D39DD825A00EAD009E0D38 /* Release */ = {
			isa = XCBuildConfiguration;
			buildSettings = {
				ALWAYS_SEARCH_USER_PATHS = NO;
				CLANG_ANALYZER_NONNULL = YES;
				CLANG_ANALYZER_NUMBER_OBJECT_CONVERSION = YES_AGGRESSIVE;
				CLANG_CXX_LANGUAGE_STANDARD = "gnu++14";
				CLANG_CXX_LIBRARY = "libc++";
				CLANG_ENABLE_MODULES = YES;
				CLANG_ENABLE_OBJC_ARC = YES;
				CLANG_ENABLE_OBJC_WEAK = YES;
				CLANG_WARN_BLOCK_CAPTURE_AUTORELEASING = YES;
				CLANG_WARN_BOOL_CONVERSION = YES;
				CLANG_WARN_COMMA = YES;
				CLANG_WARN_CONSTANT_CONVERSION = YES;
				CLANG_WARN_DEPRECATED_OBJC_IMPLEMENTATIONS = YES;
				CLANG_WARN_DIRECT_OBJC_ISA_USAGE = YES_ERROR;
				CLANG_WARN_DOCUMENTATION_COMMENTS = YES;
				CLANG_WARN_EMPTY_BODY = YES;
				CLANG_WARN_ENUM_CONVERSION = YES;
				CLANG_WARN_INFINITE_RECURSION = YES;
				CLANG_WARN_INT_CONVERSION = YES;
				CLANG_WARN_NON_LITERAL_NULL_CONVERSION = YES;
				CLANG_WARN_OBJC_IMPLICIT_RETAIN_SELF = YES;
				CLANG_WARN_OBJC_LITERAL_CONVERSION = YES;
				CLANG_WARN_OBJC_ROOT_CLASS = YES_ERROR;
				CLANG_WARN_QUOTED_INCLUDE_IN_FRAMEWORK_HEADER = YES;
				CLANG_WARN_RANGE_LOOP_ANALYSIS = YES;
				CLANG_WARN_STRICT_PROTOTYPES = YES;
				CLANG_WARN_SUSPICIOUS_MOVE = YES;
				CLANG_WARN_UNGUARDED_AVAILABILITY = YES_AGGRESSIVE;
				CLANG_WARN_UNREACHABLE_CODE = YES;
				CLANG_WARN__DUPLICATE_METHOD_MATCH = YES;
				COPY_PHASE_STRIP = NO;
				DEBUG_INFORMATION_FORMAT = "dwarf-with-dsym";
				ENABLE_NS_ASSERTIONS = NO;
				ENABLE_STRICT_OBJC_MSGSEND = YES;
				GCC_C_LANGUAGE_STANDARD = gnu11;
				GCC_NO_COMMON_BLOCKS = YES;
				GCC_WARN_64_TO_32_BIT_CONVERSION = YES;
				GCC_WARN_ABOUT_RETURN_TYPE = YES_ERROR;
				GCC_WARN_UNDECLARED_SELECTOR = YES;
				GCC_WARN_UNINITIALIZED_AUTOS = YES_AGGRESSIVE;
				GCC_WARN_UNUSED_FUNCTION = YES;
				GCC_WARN_UNUSED_VARIABLE = YES;
				IPHONEOS_DEPLOYMENT_TARGET = 14.3;
				MTL_ENABLE_DEBUG_INFO = NO;
				MTL_FAST_MATH = YES;
				SDKROOT = iphoneos;
				SWIFT_COMPILATION_MODE = wholemodule;
				SWIFT_OPTIMIZATION_LEVEL = "-O";
				VALIDATE_PRODUCT = YES;
			};
			name = Release;
		};
		18D39DDA25A00EAD009E0D38 /* Debug */ = {
			isa = XCBuildConfiguration;
			buildSettings = {
				ASSETCATALOG_COMPILER_APPICON_NAME = AppIcon;
				ASSETCATALOG_COMPILER_GLOBAL_ACCENT_COLOR_NAME = AccentColor;
				CODE_SIGN_STYLE = Automatic;
				DEVELOPMENT_ASSET_PATHS = "\"SwiftUIGridsSearch/Preview Content\"";
				DEVELOPMENT_TEAM = CX445RM6ZG;
				ENABLE_PREVIEWS = YES;
				INFOPLIST_FILE = SwiftUIGridsSearch/Info.plist;
				IPHONEOS_DEPLOYMENT_TARGET = 14.0;
				LD_RUNPATH_SEARCH_PATHS = (
					"$(inherited)",
					"@executable_path/Frameworks",
				);
				PRODUCT_BUNDLE_IDENTIFIER = com.monkeyidesign.SwiftUIGridsSearch;
				PRODUCT_NAME = "$(TARGET_NAME)";
				SWIFT_VERSION = 5.0;
				TARGETED_DEVICE_FAMILY = "1,2";
			};
			name = Debug;
		};
		18D39DDB25A00EAD009E0D38 /* Release */ = {
			isa = XCBuildConfiguration;
			buildSettings = {
				ASSETCATALOG_COMPILER_APPICON_NAME = AppIcon;
				ASSETCATALOG_COMPILER_GLOBAL_ACCENT_COLOR_NAME = AccentColor;
				CODE_SIGN_STYLE = Automatic;
				DEVELOPMENT_ASSET_PATHS = "\"SwiftUIGridsSearch/Preview Content\"";
				DEVELOPMENT_TEAM = CX445RM6ZG;
				ENABLE_PREVIEWS = YES;
				INFOPLIST_FILE = SwiftUIGridsSearch/Info.plist;
				IPHONEOS_DEPLOYMENT_TARGET = 14.0;
				LD_RUNPATH_SEARCH_PATHS = (
					"$(inherited)",
					"@executable_path/Frameworks",
				);
				PRODUCT_BUNDLE_IDENTIFIER = com.monkeyidesign.SwiftUIGridsSearch;
				PRODUCT_NAME = "$(TARGET_NAME)";
				SWIFT_VERSION = 5.0;
				TARGETED_DEVICE_FAMILY = "1,2";
			};
			name = Release;
		};
		18D39DDD25A00EAD009E0D38 /* Debug */ = {
			isa = XCBuildConfiguration;
			buildSettings = {
				ALWAYS_EMBED_SWIFT_STANDARD_LIBRARIES = YES;
				BUNDLE_LOADER = "$(TEST_HOST)";
				CODE_SIGN_STYLE = Automatic;
				DEVELOPMENT_TEAM = CX445RM6ZG;
				INFOPLIST_FILE = SwiftUIGridsSearchTests/Info.plist;
				IPHONEOS_DEPLOYMENT_TARGET = 14.0;
				LD_RUNPATH_SEARCH_PATHS = (
					"$(inherited)",
					"@executable_path/Frameworks",
					"@loader_path/Frameworks",
				);
				PRODUCT_BUNDLE_IDENTIFIER = com.monkeyidesign.SwiftUIGridsSearchTests;
				PRODUCT_NAME = "$(TARGET_NAME)";
				SWIFT_VERSION = 5.0;
				TARGETED_DEVICE_FAMILY = "1,2";
				TEST_HOST = "$(BUILT_PRODUCTS_DIR)/SwiftUIGridsSearch.app/SwiftUIGridsSearch";
			};
			name = Debug;
		};
		18D39DDE25A00EAD009E0D38 /* Release */ = {
			isa = XCBuildConfiguration;
			buildSettings = {
				ALWAYS_EMBED_SWIFT_STANDARD_LIBRARIES = YES;
				BUNDLE_LOADER = "$(TEST_HOST)";
				CODE_SIGN_STYLE = Automatic;
				DEVELOPMENT_TEAM = CX445RM6ZG;
				INFOPLIST_FILE = SwiftUIGridsSearchTests/Info.plist;
				IPHONEOS_DEPLOYMENT_TARGET = 14.0;
				LD_RUNPATH_SEARCH_PATHS = (
					"$(inherited)",
					"@executable_path/Frameworks",
					"@loader_path/Frameworks",
				);
				PRODUCT_BUNDLE_IDENTIFIER = com.monkeyidesign.SwiftUIGridsSearchTests;
				PRODUCT_NAME = "$(TARGET_NAME)";
				SWIFT_VERSION = 5.0;
				TARGETED_DEVICE_FAMILY = "1,2";
				TEST_HOST = "$(BUILT_PRODUCTS_DIR)/SwiftUIGridsSearch.app/SwiftUIGridsSearch";
			};
			name = Release;
		};
		18D39DE025A00EAD009E0D38 /* Debug */ = {
			isa = XCBuildConfiguration;
			buildSettings = {
				ALWAYS_EMBED_SWIFT_STANDARD_LIBRARIES = YES;
				CODE_SIGN_STYLE = Automatic;
				DEVELOPMENT_TEAM = CX445RM6ZG;
				INFOPLIST_FILE = SwiftUIGridsSearchUITests/Info.plist;
				LD_RUNPATH_SEARCH_PATHS = (
					"$(inherited)",
					"@executable_path/Frameworks",
					"@loader_path/Frameworks",
				);
				PRODUCT_BUNDLE_IDENTIFIER = com.monkeyidesign.SwiftUIGridsSearchUITests;
				PRODUCT_NAME = "$(TARGET_NAME)";
				SWIFT_VERSION = 5.0;
				TARGETED_DEVICE_FAMILY = "1,2";
				TEST_TARGET_NAME = SwiftUIGridsSearch;
			};
			name = Debug;
		};
		18D39DE125A00EAD009E0D38 /* Release */ = {
			isa = XCBuildConfiguration;
			buildSettings = {
				ALWAYS_EMBED_SWIFT_STANDARD_LIBRARIES = YES;
				CODE_SIGN_STYLE = Automatic;
				DEVELOPMENT_TEAM = CX445RM6ZG;
				INFOPLIST_FILE = SwiftUIGridsSearchUITests/Info.plist;
				LD_RUNPATH_SEARCH_PATHS = (
					"$(inherited)",
					"@executable_path/Frameworks",
					"@loader_path/Frameworks",
				);
				PRODUCT_BUNDLE_IDENTIFIER = com.monkeyidesign.SwiftUIGridsSearchUITests;
				PRODUCT_NAME = "$(TARGET_NAME)";
				SWIFT_VERSION = 5.0;
				TARGETED_DEVICE_FAMILY = "1,2";
				TEST_TARGET_NAME = SwiftUIGridsSearch;
			};
			name = Release;
		};
/* End XCBuildConfiguration section */

/* Begin XCConfigurationList section */
		18D39DAF25A00EA9009E0D38 /* Build configuration list for PBXProject "SwiftUIGridsSearch" */ = {
			isa = XCConfigurationList;
			buildConfigurations = (
				18D39DD725A00EAD009E0D38 /* Debug */,
				18D39DD825A00EAD009E0D38 /* Release */,
			);
			defaultConfigurationIsVisible = 0;
			defaultConfigurationName = Release;
		};
		18D39DD925A00EAD009E0D38 /* Build configuration list for PBXNativeTarget "SwiftUIGridsSearch" */ = {
			isa = XCConfigurationList;
			buildConfigurations = (
				18D39DDA25A00EAD009E0D38 /* Debug */,
				18D39DDB25A00EAD009E0D38 /* Release */,
			);
			defaultConfigurationIsVisible = 0;
			defaultConfigurationName = Release;
		};
		18D39DDC25A00EAD009E0D38 /* Build configuration list for PBXNativeTarget "SwiftUIGridsSearchTests" */ = {
			isa = XCConfigurationList;
			buildConfigurations = (
				18D39DDD25A00EAD009E0D38 /* Debug */,
				18D39DDE25A00EAD009E0D38 /* Release */,
			);
			defaultConfigurationIsVisible = 0;
			defaultConfigurationName = Release;
		};
		18D39DDF25A00EAD009E0D38 /* Build configuration list for PBXNativeTarget "SwiftUIGridsSearchUITests" */ = {
			isa = XCConfigurationList;
			buildConfigurations = (
				18D39DE025A00EAD009E0D38 /* Debug */,
				18D39DE125A00EAD009E0D38 /* Release */,
			);
			defaultConfigurationIsVisible = 0;
			defaultConfigurationName = Release;
		};
/* End XCConfigurationList section */
	};
	rootObject = 18D39DAC25A00EA9009E0D38 /* Project object */;
}
